
Microsoft Visual Studio Solution File, Format Version 12.00
# Visual Studio Version 17
VisualStudioVersion = 17.11.35312.102
MinimumVisualStudioVersion = 10.0.40219.1
Project("{FAE04EC0-301F-11D3-BF4B-00C04F79EFBC}") = "MyFirstApp", "MyFirstApp\MyFirstApp.csproj", "{3337B560-CF14-4D02-B005-E1A0C31E729F}"
EndProject
Global
	GlobalSection(SolutionConfigurationPlatforms) = preSolution
		Debug|Any CPU = Debug|Any CPU
		Release|Any CPU = Release|Any CPU
	EndGlobalSection
	GlobalSection(ProjectConfigurationPlatforms) = postSolution
		{3337B560-CF14-4D02-B005-E1A0C31E729F}.Debug|Any CPU.ActiveCfg = Debug|Any CPU
		{3337B560-CF14-4D02-B005-E1A0C31E729F}.Debug|Any CPU.Build.0 = Debug|Any CPU
		{3337B560-CF14-4D02-B005-E1A0C31E729F}.Release|Any CPU.ActiveCfg = Release|Any CPU
		{3337B560-CF14-4D02-B005-E1A0C31E729F}.Release|Any CPU.Build.0 = Release|Any CPU
	EndGlobalSection
	GlobalSection(SolutionProperties) = preSolution
		HideSolutionNode = FALSE
	EndGlobalSection
	GlobalSection(ExtensibilityGlobals) = postSolution
		SolutionGuid = {1AB53611-3F42-4A2A-848F-9C02AE1F838D}
	EndGlobalSection
EndGlobal
